{
  "name": "fruit_selling_react",
  "version": "1.0.0",
  "lockfileVersion": 3,
  "requires": true,
  "packages": {
    "": {
      "name": "fruit_selling_react",
      "version": "1.0.0",
      "license": "ISC",
      "dependencies": {
        "fruit_selling_react": "file:"
      }
    },
    "node_modules/fruit_selling_react": {
      "resolved": "",
      "link": true
    }
  }
}
